
Microsoft Visual Studio Solution File, Format Version 12.00
# Visual Studio Version 16
VisualStudioVersion = 16.0.29306.81
MinimumVisualStudioVersion = 10.0.40219.1
Project("{FAE04EC0-301F-11D3-BF4B-00C04F79EFBC}") = "vs-5.3-Ejemplos", "vs-5.3-Ejemplos.csproj", "{F9F00AA6-EA7E-4F98-80F5-DAD4B5614F5C}"
EndProject
Global
	GlobalSection(SolutionConfigurationPlatforms) = preSolution
		Debug|Any CPU = Debug|Any CPU
		Release|Any CPU = Release|Any CPU
	EndGlobalSection
	GlobalSection(ProjectConfigurationPlatforms) = postSolution
		{F9F00AA6-EA7E-4F98-80F5-DAD4B5614F5C}.Debug|Any CPU.ActiveCfg = Debug|Any CPU
		{F9F00AA6-EA7E-4F98-80F5-DAD4B5614F5C}.Debug|Any CPU.Build.0 = Debug|Any CPU
		{F9F00AA6-EA7E-4F98-80F5-DAD4B5614F5C}.Release|Any CPU.ActiveCfg = Release|Any CPU
		{F9F00AA6-EA7E-4F98-80F5-DAD4B5614F5C}.Release|Any CPU.Build.0 = Release|Any CPU
	EndGlobalSection
	GlobalSection(SolutionProperties) = preSolution
		HideSolutionNode = FALSE
	EndGlobalSection
	GlobalSection(ExtensibilityGlobals) = postSolution
		SolutionGuid = {8233E2CF-3519-4D17-92D7-8127F4D9C912}
	EndGlobalSection
EndGlobal
