
Microsoft Visual Studio Solution File, Format Version 12.00
# Visual Studio Version 16
VisualStudioVersion = 16.0.30011.22
MinimumVisualStudioVersion = 10.0.40219.1
Project("{FAE04EC0-301F-11D3-BF4B-00C04F79EFBC}") = "Metodo de Jacobi", "Metodo de Jacobi.csproj", "{EDCE1A1F-6D8E-4867-A843-A98C535BF2EF}"
EndProject
Global
	GlobalSection(SolutionConfigurationPlatforms) = preSolution
		Debug|Any CPU = Debug|Any CPU
		Release|Any CPU = Release|Any CPU
	EndGlobalSection
	GlobalSection(ProjectConfigurationPlatforms) = postSolution
		{EDCE1A1F-6D8E-4867-A843-A98C535BF2EF}.Debug|Any CPU.ActiveCfg = Debug|Any CPU
		{EDCE1A1F-6D8E-4867-A843-A98C535BF2EF}.Debug|Any CPU.Build.0 = Debug|Any CPU
		{EDCE1A1F-6D8E-4867-A843-A98C535BF2EF}.Release|Any CPU.ActiveCfg = Release|Any CPU
		{EDCE1A1F-6D8E-4867-A843-A98C535BF2EF}.Release|Any CPU.Build.0 = Release|Any CPU
	EndGlobalSection
	GlobalSection(SolutionProperties) = preSolution
		HideSolutionNode = FALSE
	EndGlobalSection
	GlobalSection(ExtensibilityGlobals) = postSolution
		SolutionGuid = {ACFEA1FC-F9DC-457B-B87E-3A17F4CD7537}
	EndGlobalSection
EndGlobal
