
Microsoft Visual Studio Solution File, Format Version 12.00
# Visual Studio Version 16
VisualStudioVersion = 16.0.30011.22
MinimumVisualStudioVersion = 10.0.40219.1
Project("{FAE04EC0-301F-11D3-BF4B-00C04F79EFBC}") = "Metodo de interpolacion Newton y Lagrange", "Metodo de interpolacion Newton y Lagrange.csproj", "{D65745DC-DB06-4A2B-A48A-00077FF78160}"
EndProject
Global
	GlobalSection(SolutionConfigurationPlatforms) = preSolution
		Debug|Any CPU = Debug|Any CPU
		Release|Any CPU = Release|Any CPU
	EndGlobalSection
	GlobalSection(ProjectConfigurationPlatforms) = postSolution
		{D65745DC-DB06-4A2B-A48A-00077FF78160}.Debug|Any CPU.ActiveCfg = Debug|Any CPU
		{D65745DC-DB06-4A2B-A48A-00077FF78160}.Debug|Any CPU.Build.0 = Debug|Any CPU
		{D65745DC-DB06-4A2B-A48A-00077FF78160}.Release|Any CPU.ActiveCfg = Release|Any CPU
		{D65745DC-DB06-4A2B-A48A-00077FF78160}.Release|Any CPU.Build.0 = Release|Any CPU
	EndGlobalSection
	GlobalSection(SolutionProperties) = preSolution
		HideSolutionNode = FALSE
	EndGlobalSection
	GlobalSection(ExtensibilityGlobals) = postSolution
		SolutionGuid = {4A683232-BE65-47B9-A670-B726580D372D}
	EndGlobalSection
EndGlobal
