
Microsoft Visual Studio Solution File, Format Version 12.00
# Visual Studio Version 16
VisualStudioVersion = 16.0.30011.22
MinimumVisualStudioVersion = 10.0.40219.1
Project("{FAE04EC0-301F-11D3-BF4B-00C04F79EFBC}") = "MN-Metodo de interpolacion", "MN-Metodo de interpolacion.csproj", "{973FEB49-8A4D-4DAA-8324-3C5D0B39278A}"
EndProject
Global
	GlobalSection(SolutionConfigurationPlatforms) = preSolution
		Debug|Any CPU = Debug|Any CPU
		Release|Any CPU = Release|Any CPU
	EndGlobalSection
	GlobalSection(ProjectConfigurationPlatforms) = postSolution
		{973FEB49-8A4D-4DAA-8324-3C5D0B39278A}.Debug|Any CPU.ActiveCfg = Debug|Any CPU
		{973FEB49-8A4D-4DAA-8324-3C5D0B39278A}.Debug|Any CPU.Build.0 = Debug|Any CPU
		{973FEB49-8A4D-4DAA-8324-3C5D0B39278A}.Release|Any CPU.ActiveCfg = Release|Any CPU
		{973FEB49-8A4D-4DAA-8324-3C5D0B39278A}.Release|Any CPU.Build.0 = Release|Any CPU
	EndGlobalSection
	GlobalSection(SolutionProperties) = preSolution
		HideSolutionNode = FALSE
	EndGlobalSection
	GlobalSection(ExtensibilityGlobals) = postSolution
		SolutionGuid = {6EFD654D-2913-4F88-8C16-6E4C6A078F52}
	EndGlobalSection
EndGlobal
