
Microsoft Visual Studio Solution File, Format Version 12.00
# Visual Studio Version 16
VisualStudioVersion = 16.0.30011.22
MinimumVisualStudioVersion = 10.0.40219.1
Project("{FAE04EC0-301F-11D3-BF4B-00C04F79EFBC}") = "VS-TDC.Archivos", "VS-TDC.Archivos.csproj", "{C428E56E-3561-4F6F-B907-291E68CC2369}"
EndProject
Global
	GlobalSection(SolutionConfigurationPlatforms) = preSolution
		Debug|Any CPU = Debug|Any CPU
		Release|Any CPU = Release|Any CPU
	EndGlobalSection
	GlobalSection(ProjectConfigurationPlatforms) = postSolution
		{C428E56E-3561-4F6F-B907-291E68CC2369}.Debug|Any CPU.ActiveCfg = Debug|Any CPU
		{C428E56E-3561-4F6F-B907-291E68CC2369}.Debug|Any CPU.Build.0 = Debug|Any CPU
		{C428E56E-3561-4F6F-B907-291E68CC2369}.Release|Any CPU.ActiveCfg = Release|Any CPU
		{C428E56E-3561-4F6F-B907-291E68CC2369}.Release|Any CPU.Build.0 = Release|Any CPU
	EndGlobalSection
	GlobalSection(SolutionProperties) = preSolution
		HideSolutionNode = FALSE
	EndGlobalSection
	GlobalSection(ExtensibilityGlobals) = postSolution
		SolutionGuid = {17D647E6-5316-436E-8EB7-427917286178}
	EndGlobalSection
EndGlobal
