
Microsoft Visual Studio Solution File, Format Version 12.00
# Visual Studio Version 16
VisualStudioVersion = 16.0.29306.81
MinimumVisualStudioVersion = 10.0.40219.1
Project("{FAE04EC0-301F-11D3-BF4B-00C04F79EFBC}") = "vs-4.3.1", "vs-4.3.1.csproj", "{3198AA2B-72A0-4566-AA2B-08079B91C783}"
EndProject
Global
	GlobalSection(SolutionConfigurationPlatforms) = preSolution
		Debug|Any CPU = Debug|Any CPU
		Release|Any CPU = Release|Any CPU
	EndGlobalSection
	GlobalSection(ProjectConfigurationPlatforms) = postSolution
		{3198AA2B-72A0-4566-AA2B-08079B91C783}.Debug|Any CPU.ActiveCfg = Debug|Any CPU
		{3198AA2B-72A0-4566-AA2B-08079B91C783}.Debug|Any CPU.Build.0 = Debug|Any CPU
		{3198AA2B-72A0-4566-AA2B-08079B91C783}.Release|Any CPU.ActiveCfg = Release|Any CPU
		{3198AA2B-72A0-4566-AA2B-08079B91C783}.Release|Any CPU.Build.0 = Release|Any CPU
	EndGlobalSection
	GlobalSection(SolutionProperties) = preSolution
		HideSolutionNode = FALSE
	EndGlobalSection
	GlobalSection(ExtensibilityGlobals) = postSolution
		SolutionGuid = {42230F2E-DDE3-4F46-9F45-FAE81353CFF6}
	EndGlobalSection
EndGlobal
